
Microsoft Visual Studio Solution File, Format Version 12.00
# Visual Studio Version 16
VisualStudioVersion = 16.0.30804.86
MinimumVisualStudioVersion = 10.0.40219.1
Project("{FAE04EC0-301F-11D3-BF4B-00C04F79EFBC}") = "Prog1D", "Prog1D\Prog1D.csproj", "{A928B2FE-2154-4D23-9C46-A658B88702EE}"
EndProject
Global
	GlobalSection(SolutionConfigurationPlatforms) = preSolution
		Debug|Any CPU = Debug|Any CPU
		Release|Any CPU = Release|Any CPU
	EndGlobalSection
	GlobalSection(ProjectConfigurationPlatforms) = postSolution
		{A928B2FE-2154-4D23-9C46-A658B88702EE}.Debug|Any CPU.ActiveCfg = Debug|Any CPU
		{A928B2FE-2154-4D23-9C46-A658B88702EE}.Debug|Any CPU.Build.0 = Debug|Any CPU
		{A928B2FE-2154-4D23-9C46-A658B88702EE}.Release|Any CPU.ActiveCfg = Release|Any CPU
		{A928B2FE-2154-4D23-9C46-A658B88702EE}.Release|Any CPU.Build.0 = Release|Any CPU
	EndGlobalSection
	GlobalSection(SolutionProperties) = preSolution
		HideSolutionNode = FALSE
	EndGlobalSection
	GlobalSection(ExtensibilityGlobals) = postSolution
		SolutionGuid = {C3194514-F96C-4167-9F14-79B39DE05E08}
	EndGlobalSection
EndGlobal
